
Microsoft Visual Studio Solution File, Format Version 12.00
# Visual Studio Version 16
VisualStudioVersion = 16.0.30225.117
MinimumVisualStudioVersion = 10.0.40219.1
Project("{9A19103F-16F7-4668-BE54-9A1E7A4F7556}") = "DeveUnityLicenseActivator", "DeveUnityLicenseActivator\DeveUnityLicenseActivator.csproj", "{2865A1E5-5A1F-4E9C-92AA-8CE8C8D8B0DB}"
EndProject
Project("{FAE04EC0-301F-11D3-BF4B-00C04F79EFBC}") = "DeveUnityLicenseActivator.ConsoleApp", "DeveUnityLicenseActivator.ConsoleApp\DeveUnityLicenseActivator.ConsoleApp.csproj", "{98DA72A4-AED9-4A7E-BDFA-CED7C4F5EEA9}"
EndProject
Project("{FAE04EC0-301F-11D3-BF4B-00C04F79EFBC}") = "DeveUnityLicenseActivator.Tests", "DeveUnityLicenseActivator.Tests\DeveUnityLicenseActivator.Tests.csproj", "{5C93EF5F-A614-4B1E-820C-DDCE2656AB3C}"
EndProject
Global
	GlobalSection(SolutionConfigurationPlatforms) = preSolution
		Debug|Any CPU = Debug|Any CPU
		Release|Any CPU = Release|Any CPU
	EndGlobalSection
	GlobalSection(ProjectConfigurationPlatforms) = postSolution
		{2865A1E5-5A1F-4E9C-92AA-8CE8C8D8B0DB}.Debug|Any CPU.ActiveCfg = Debug|Any CPU
		{2865A1E5-5A1F-4E9C-92AA-8CE8C8D8B0DB}.Debug|Any CPU.Build.0 = Debug|Any CPU
		{2865A1E5-5A1F-4E9C-92AA-8CE8C8D8B0DB}.Release|Any CPU.ActiveCfg = Release|Any CPU
		{2865A1E5-5A1F-4E9C-92AA-8CE8C8D8B0DB}.Release|Any CPU.Build.0 = Release|Any CPU
		{98DA72A4-AED9-4A7E-BDFA-CED7C4F5EEA9}.Debug|Any CPU.ActiveCfg = Debug|Any CPU
		{98DA72A4-AED9-4A7E-BDFA-CED7C4F5EEA9}.Debug|Any CPU.Build.0 = Debug|Any CPU
		{98DA72A4-AED9-4A7E-BDFA-CED7C4F5EEA9}.Release|Any CPU.ActiveCfg = Release|Any CPU
		{98DA72A4-AED9-4A7E-BDFA-CED7C4F5EEA9}.Release|Any CPU.Build.0 = Release|Any CPU
		{5C93EF5F-A614-4B1E-820C-DDCE2656AB3C}.Debug|Any CPU.ActiveCfg = Debug|Any CPU
		{5C93EF5F-A614-4B1E-820C-DDCE2656AB3C}.Debug|Any CPU.Build.0 = Debug|Any CPU
		{5C93EF5F-A614-4B1E-820C-DDCE2656AB3C}.Release|Any CPU.ActiveCfg = Release|Any CPU
		{5C93EF5F-A614-4B1E-820C-DDCE2656AB3C}.Release|Any CPU.Build.0 = Release|Any CPU
	EndGlobalSection
	GlobalSection(SolutionProperties) = preSolution
		HideSolutionNode = FALSE
	EndGlobalSection
	GlobalSection(ExtensibilityGlobals) = postSolution
		SolutionGuid = {0E330060-44FA-464D-8BC6-6FF08F1898E7}
	EndGlobalSection
EndGlobal
